lockfileVersion: '9.0'

settings:
  autoInstallPeers: true
  excludeLinksFromLockfile: false

importers:

  .:
    dependencies:
      '@buf/pocketsign_apis.bufbuild_es':
        specifier: 2.12.1-20260702064312-a4e56ca5773a.1
        version: 2.12.1-20260702064312-a4e56ca5773a.1(@bufbuild/protobuf@2.13.0)
      '@bufbuild/protobuf':
        specifier: ^2.12.0
        version: 2.13.0
      '@connectrpc/connect':
        specifier: ^2.1.1
        version: 2.1.2(@bufbuild/protobuf@2.13.0)
      '@connectrpc/connect-node':
        specifier: ^2.1.1
        version: 2.1.2(@bufbuild/protobuf@2.13.0)(@connectrpc/connect@2.1.2(@bufbuild/protobuf@2.13.0))
      '@hono/node-server':
        specifier: ^2.0.6
        version: 2.1.0(hono@4.13.0)
      '@pocketsign/klon-sdk':
        specifier: 1.0.0
        version: 1.0.0(oauth4webapi@3.8.6)
      hono:
        specifier: ^4.12.23
        version: 4.13.0
    devDependencies:
      '@types/node':
        specifier: ^25.9.1
        version: 25.9.5
      '@typescript/native-preview':
        specifier: 7.0.0-dev.20260527.2
        version: 7.0.0-dev.20260527.2
      oxfmt:
        specifier: ^0.52.0
        version: 0.52.0
      oxlint:
        specifier: ^1.67.0
        version: 1.77.0(oxlint-tsgolint@0.23.0)
      oxlint-tsgolint:
        specifier: ^0.23.0
        version: 0.23.0
      tsx:
        specifier: ^4.22.4
        version: 4.23.7

packages:

  '@buf/bufbuild_protovalidate.bufbuild_es@2.12.1-20260415201107-50325440f8f2.1':
    resolution: {integrity: sha512-nUtDVJ60EhUY40UoBSTLKs83EILUwOUVzB3Qv3e4WKEXc/EIfgUREvPh43cDHZH7XUoVxzBOIxcPGSjllkB8/A==}
    peerDependencies:
      '@bufbuild/protobuf': ^2.12.1

  '@buf/googleapis_googleapis.bufbuild_es@2.12.1-20260414192239-c17df5b2beca.1':
    resolution: {integrity: sha512-V94kxxBKYxRTOhbQJ0g2uH1gOOvX03tWPBPMJlvX9S8bE6hpGTgiSli4nQBLpfkQcRGruGmgdNt4Sr9j4oHfXw==}
    peerDependencies:
      '@bufbuild/protobuf': ^2.12.1

  '@buf/pocketsign_apis.bufbuild_es@2.12.1-20260702064312-a4e56ca5773a.1':
    resolution: {integrity: sha512-kyixwLmLtvwgF6Wm3QDRqE5VuzeTr4aaQvbYOyqCzq0w8FWzpccQ4xSqbu1BHtENSXt2WkuD/s81J6ju1GWlNA==}
    peerDependencies:
      '@bufbuild/protobuf': ^2.12.1

  '@bufbuild/protobuf@2.13.0':
    resolution: {integrity: sha512-acq7c49vxfm1ggJ95P70TX7ABDM0vxr1SYD3BB0o0jnBLB4OAqeHyKuN+cD3w80gXEDQ2zxHpR6CUeA+O/aU9g==}

  '@connectrpc/connect-node@2.1.2':
    resolution: {integrity: sha512-+i/aAOpsI8sIx1mbYp6d99zvxaUSF6t/jP9Ux9maAmjsZPgmIQ3JuIeYi0zJIP9zlCnBlJjkpPosshCgdRuThQ==}
    engines: {node: '>=20'}
    peerDependencies:
      '@bufbuild/protobuf': ^2.7.0
      '@connectrpc/connect': 2.1.2

  '@connectrpc/connect@2.1.2':
    resolution: {integrity: sha512-MXkBijtcX09R10Eb6sFeIetc6w6746eio6xtfuyVOH7oQAacT1X0GzMIQFux6Qy8cq3W/T5qX5Bei8YbFtmRGA==}
    peerDependencies:
      '@bufbuild/protobuf': ^2.7.0

  '@esbuild/aix-ppc64@0.28.1':
    resolution: {integrity: sha512-Svl7tq8k/08+p6CXPpRjQ1fKX+1odH/BQbb48fV6fj3CWHhsoIOoY87w1oHXm0qEpkIK3ZfVgp0hed3XBXzXMQ==}
    engines: {node: '>=18'}
    cpu: [ppc64]
    os: [aix]

  '@esbuild/android-arm64@0.28.1':
    resolution: {integrity: sha512-34EGEbCIAgosYz6goLcopX6Mo7NyGv9tfwEM2/7Ce2VcVRk568iSvniGWcUXIy7wEDR1wzolcxcriFVrWYcwBg==}
    engines: {node: '>=18'}
    cpu: [arm64]
    os: [android]

  '@esbuild/android-arm@0.28.1':
    resolution: {integrity: sha512-0k2F129Xdio1TdJfzJ8sy1Q47vUD2NnwdhiAf7drUN1EBTfPf4hsFCtmMgu/6m8JSzsBrlmVjudMBQqOfG8usQ==}
    engines: {node: '>=18'}
    cpu: [arm]
    os: [android]

  '@esbuild/android-x64@0.28.1':
    resolution: {integrity: sha512-dbwY7ltSMDWsRatcRpCnES4F+im88OCUgGZjy52shC7GqHRE/cYlxNbB4Z4UpJswpcc4Qxd2oE/ufM0p61IKng==}
    engines: {node: '>=18'}
    cpu: [x64]
    os: [android]

  '@esbuild/darwin-arm64@0.28.1':
    resolution: {integrity: sha512-TZbWkQY7kvTAXbXUT7uVACR5cMHsDiSz9z7ZKAX/RTq/WJEk3QyRr0wZpNhBDX+/0CtdqUIJlOiodQcta6tY3Q==}
    engines: {node: '>=18'}
    cpu: [arm64]
    os: [darwin]

  '@esbuild/darwin-x64@0.28.1':
    resolution: {integrity: sha512-zfdzgK9ACBNZLI/CyHTOx81SyNbM6YXn7rxSgX97VjyiPl9W1i4Ka4fgKECEoFCKGpvBj5qArWIGgQjOwkgskQ==}
    engines: {node: '>=18'}
    cpu: [x64]
    os: [darwin]

  '@esbuild/freebsd-arm64@0.28.1':
    resolution: {integrity: sha512-wG2EA8ENdEI0qhkSZMjfqrdY+ziCYCPMmtZjjIwOmXFjmyzEHn+UUxk5of+SYsjtfs3VpnlC7QLzSI5hY/rOAw==}
    engines: {node: '>=18'}
    cpu: [arm64]
    os: [freebsd]

  '@esbuild/freebsd-x64@0.28.1':
    resolution: {integrity: sha512-i7dZ9vQgnvSCzi/rYCXNgtF/U+eKZNJBzu3eTQbRgHnM7tNSizLOkRFAl3qzVc/Op/u5YkHHa4pf/3DOYHthLQ==}
    engines: {node: '>=18'}
    cpu: [x64]
    os: [freebsd]

  '@esbuild/linux-arm64@0.28.1':
    resolution: {integrity: sha512-yHs+0uc8+nvEAfAfxrWQKK5peSNzBc4PegcMO0EJ2hT71uA7vB8Ihg2e77R2P7SG5uYjPbHlLLmve4LLLRCf0g==}
    engines: {node: '>=18'}
    cpu: [arm64]
    os: [linux]

  '@esbuild/linux-arm@0.28.1':
    resolution: {integrity: sha512-qVXBOHQS+d5Y722GwJzJUtOLlX7km3CraOaGormF1pDtPd2C/l1SHRPgjLunLGe51Sh5YYWKMFDyV4SxgMQYTQ==}
    engines: {node: '>=18'}
    cpu: [arm]
    os: [linux]

  '@esbuild/linux-ia32@0.28.1':
    resolution: {integrity: sha512-d1z4ZuP0ajrfz/FhGT4vv278rX8KnPPJx8i5+AtK7TYbx9Le9F1hyzurZpkEyjkGa9dUGhQow4C1NmeGvqxN2w==}
    engines: {node: '>=18'}
    cpu: [ia32]
    os: [linux]

  '@esbuild/linux-loong64@0.28.1':
    resolution: {integrity: sha512-M5sRjUVZrkm1OAPR3dlOYzNmN+loZKGVi1VUQGrwuqLcbR6qeAz+famMhjASeH3YVKvZz+zT1jlh/keC3Rj/lg==}
    engines: {node: '>=18'}
    cpu: [loong64]
    os: [linux]

  '@esbuild/linux-mips64el@0.28.1':
    resolution: {integrity: sha512-mRObBZeHh2OxcBFPWE/FjylkRgZdYuiTR3vaTozquCGOH14iP9oN4x4Ge81CoIDYQrXmIxpFumJBu5MtZpnQJQ==}
    engines: {node: '>=18'}
    cpu: [mips64el]
    os: [linux]

  '@esbuild/linux-ppc64@0.28.1':
    resolution: {integrity: sha512-slScBsMAb3GFDcdrCgLwZtPYRoH2H/youv10QiZyRjmsP48fznoveWytSgCI/R0ZcUgpc0ZhIUEx6LHts8yrfQ==}
    engines: {node: '>=18'}
    cpu: [ppc64]
    os: [linux]

  '@esbuild/linux-riscv64@0.28.1':
    resolution: {integrity: sha512-kw0owk1o0GFETUJyW0jc0G4Yzs0BHZn0JDZ8JRT088vjJYX777BAs1fDGxAC+q831qOs2DTC96mNsG2opdfyyQ==}
    engines: {node: '>=18'}
    cpu: [riscv64]
    os: [linux]

  '@esbuild/linux-s390x@0.28.1':
    resolution: {integrity: sha512-/lAIjX8aYFRByhh6L5rYtPEDRqa9de/4V/juOXcta5frjvzXO4/sqEtyytse0g3zZFuWu5cDN0MkLz2qRDD2Ag==}
    engines: {node: '>=18'}
    cpu: [s390x]
    os: [linux]

  '@esbuild/linux-x64@0.28.1':
    resolution: {integrity: sha512-u/anNYF2mmVOEDwLtnQ1wOr3EZ9sTNGLWrsYGYwHWzGA3Si84IOkHXlbWTD1NB+9/1lcnweYKO54uhxZydNzfA==}
    engines: {node: '>=18'}
    cpu: [x64]
    os: [linux]

  '@esbuild/netbsd-arm64@0.28.1':
    resolution: {integrity: sha512-oks0DYbLwWMmaakTsCb+zL4E+aHRVLom9IJZOAthMQEPiQmydXHkziYEsGYRx0uNV/IjEKGAV941JzH02pflqw==}
    engines: {node: '>=18'}
    cpu: [arm64]
    os: [netbsd]

  '@esbuild/netbsd-x64@0.28.1':
    resolution: {integrity: sha512-aeL6lAnN89Hz43Mlh1G8ARasbuoYvSITDEx0tHh5b7jJnHcssqgjy9Yx430GDpmCa6OyrKoS0aNRjKundRizGg==}
    engines: {node: '>=18'}
    cpu: [x64]
    os: [netbsd]

  '@esbuild/openbsd-arm64@0.28.1':
    resolution: {integrity: sha512-MEFJe5C3R8pwXdZ5Y21oo6m7ePiS0d9pWucn99O/wvyJZChoIQKrQDxKrGeW8F5+T0okTHesAmDeiHDTIq0V/Q==}
    engines: {node: '>=18'}
    cpu: [arm64]
    os: [openbsd]

  '@esbuild/openbsd-x64@0.28.1':
    resolution: {integrity: sha512-i/ZLIOafE0Z8cI/XANJAixoJL/uRAoS2xOA3rb0xN+KK0K177cMAsQYkzHtBrtMXAKuAc7HGgcWiZ/sRC1Nxgw==}
    engines: {node: '>=18'}
    cpu: [x64]
    os: [openbsd]

  '@esbuild/openharmony-arm64@0.28.1':
    resolution: {integrity: sha512-ge+Z7EXFNt2BO1oAMsVpiQ8EwndV9i1xXerAeTIK7AtPs3bKFXQM7nlRxDSIUIMeueR1CNXxqztLzdNeReKBJg==}
    engines: {node: '>=18'}
    cpu: [arm64]
    os: [openharmony]

  '@esbuild/sunos-x64@0.28.1':
    resolution: {integrity: sha512-BEjgtECkL3vY+SaSQ6nzVfiALUeFxpawyp8Jmf5PtYhf1Ug40N1h/hxlhts+f1FvSvarEigdxS3BlSMI2PJLcQ==}
    engines: {node: '>=18'}
    cpu: [x64]
    os: [sunos]

  '@esbuild/win32-arm64@0.28.1':
    resolution: {integrity: sha512-lCv9eK/H6ZJWbE7bh2nw54CZ9M2nupBxJcTsdk/QQnWkdSjKGuxmmH8/GWrlT1eMmZfn4dGcCjRte397WqfQXA==}
    engines: {node: '>=18'}
    cpu: [arm64]
    os: [win32]

  '@esbuild/win32-ia32@0.28.1':
    resolution: {integrity: sha512-zvb/mB2bSCoJOpoCBgYKKpX6YM6mJBlBUVUtVj41DlZJVEB6/0CKlRYxP5wWl1C1ILiCoAU5wZZ4q1P3qeS6Eg==}
    engines: {node: '>=18'}
    cpu: [ia32]
    os: [win32]

  '@esbuild/win32-x64@0.28.1':
    resolution: {integrity: sha512-bm4Mowrv+GXMlpWX++EcXw/iLyd1o3+bJkC2DkWXYVvgZCqD/bSj9ctZeAMC3cIxgjRVR2Dufaiu4YPxr5gW1A==}
    engines: {node: '>=18'}
    cpu: [x64]
    os: [win32]

  '@hono/node-server@2.1.0':
    resolution: {integrity: sha512-XovyyCCnBzW+zKu+z/zq8hwNs4KOR5rEMAOxo2f40Q5xoOI37IMm6MIg2COOUtUApo0i6850MTBKH2u4QLGIqg==}
    engines: {node: '>=20'}
    peerDependencies:
      hono: ^4

  '@oxfmt/binding-android-arm-eabi@0.52.0':
    resolution: {integrity: sha512-17EMSJnQ9g+upVHrAUYDMfH5lvRKQ9Nvg8WtEoH72oDr1VpWz+7/o3tD97U1EToen2YAQ/68JmtDYkQUi20dfQ==}
    engines: {node: ^20.19.0 || >=22.12.0}
    cpu: [arm]
    os: [android]

  '@oxfmt/binding-android-arm64@0.52.0':
    resolution: {integrity: sha512-A2G1IdwGEW2lLJkIxcvuirRH1CzSl/e0NX11zTlW1gvxJThfwbI/BEoaKrTNpm7M2FchvIf6guvIQU7d5iz+OQ==}
    engines: {node: ^20.19.0 || >=22.12.0}
    cpu: [arm64]
    os: [android]

  '@oxfmt/binding-darwin-arm64@0.52.0':
    resolution: {integrity: sha512-f9+bLvOYxy7NttCLFTvQ7afmqDOWY4wIP9xdvfj5trQ1qj6f2UFAGwZESlfsMjvJNTyRpXfIlOanCI9FOvoeQA==}
    engines: {node: ^20.19.0 || >=22.12.0}
    cpu: [arm64]
    os: [darwin]

  '@oxfmt/binding-darwin-x64@0.52.0':
    resolution: {integrity: sha512-YSTB9sJ5nnQd/Q0ddHkgof0ZCHPAnWZT1IW2SJ8omz7CP7KluJhO1fNHrpqdxCtpztJwSs4hY1uAee35wKxxaw==}
    engines: {node: ^20.19.0 || >=22.12.0}
    cpu: [x64]
    os: [darwin]

  '@oxfmt/binding-freebsd-x64@0.52.0':
    resolution: {integrity: sha512-NIrRNTTPCs4UbmVs0bxLSCDlLCtIRMJIXklNKaXa5Oj2/K1UIMBvgE8+uPVo01Io3N9HF0+GAX+aAHjUgZS7vA==}
    engines: {node: ^20.19.0 || >=22.12.0}
    cpu: [x64]
    os: [freebsd]

  '@oxfmt/binding-linux-arm-gnueabihf@0.52.0':
    resolution: {integrity: sha512-JXUCde8mn3GpgQouz2PXUokgy/uT1QrRJBL2s983VWcSQp62wTFYiNXgTKdeo1Jgbr0IgUnKKvzIk/YBlj/nVQ==}
    engines: {node: ^20.19.0 || >=22.12.0}
    cpu: [arm]
    os: [linux]

  '@oxfmt/binding-linux-arm-musleabihf@0.52.0':
    resolution: {integrity: sha512-psbUXaRZ+V8DaXz10Qf7LSHtdtdKAmC8fxXgeU608jjzrmWK4quamZMOpl6sf+dikoFHA85uE93Q0BqxrCdQrQ==}
    engines: {node: ^20.19.0 || >=22.12.0}
    cpu: [arm]
    os: [linux]

  '@oxfmt/binding-linux-arm64-gnu@0.52.0':
    resolution: {integrity: sha512-Jw7MgWUU9lcLCcy82updISP3EthTlfvAwR6gWNxPzqly7+fLvOi2gHQE9xXQjpqaVLm/8P+gOzlv9ODuoVlaaw==}
    engines: {node: ^20.19.0 || >=22.12.0}
    cpu: [arm64]
    os: [linux]
    libc: [glibc]

  '@oxfmt/binding-linux-arm64-musl@0.52.0':
    resolution: {integrity: sha512-wZg6bLjDvh2KibyI3QFUYo8GTXneIFsd0JvehtvJiUmQ8WRPERgxd/VM4ctWb86U5FT1FkqgS8/wZKVB+AZScg==}
    engines: {node: ^20.19.0 || >=22.12.0}
    cpu: [arm64]
    os: [linux]
    libc: [musl]

  '@oxfmt/binding-linux-ppc64-gnu@0.52.0':
    resolution: {integrity: sha512-IngE8uxhNvxcMrLjZNDo9xNLY7rEK33AKnaMd2B46he1e/mz2CfcW6If/U1wUjdRZddm1QzQaciqZkuMkdh1FA==}
    engines: {node: ^20.19.0 || >=22.12.0}
    cpu: [ppc64]
    os: [linux]
    libc: [glibc]

  '@oxfmt/binding-linux-riscv64-gnu@0.52.0':
    resolution: {integrity: sha512-H3+DdFMv/efN3Efmhsv18jDrpiWWqKG7wsfAlQBqAt6z/E2Bx+TwEj2Nowe51CPOWB8/mFBC2dAMSgVFLvvowA==}
    engines: {node: ^20.19.0 || >=22.12.0}
    cpu: [riscv64]
    os: [linux]
    libc: [glibc]

  '@oxfmt/binding-linux-riscv64-musl@0.52.0':
    resolution: {integrity: sha512-zji+1kb7lJKohSDjzC1IsS+K/cKRs1hdVf0ZH0VbdbiakmtLvN9twBoXo/k8VdjFax7kfo+DyPxS7vv52br1aw==}
    engines: {node: ^20.19.0 || >=22.12.0}
    cpu: [riscv64]
    os: [linux]
    libc: [musl]

  '@oxfmt/binding-linux-s390x-gnu@0.52.0':
    resolution: {integrity: sha512-hcLBYedpCy7ToUvvBidWk7+11Yhg1oAZ4+6hKPic/mQI6NaqXJSXMps5nFlwUuX2ewhtLZZDPg63TI042qGKBg==}
    engines: {node: ^20.19.0 || >=22.12.0}
    cpu: [s390x]
    os: [linux]
    libc: [glibc]

  '@oxfmt/binding-linux-x64-gnu@0.52.0':
    resolution: {integrity: sha512-IDO2loXK2OtTOhSPchU9MW25mWL2QCDGdJbjN8MXKZVS80qXe5gMTwQWu/gMJ3juoBHbkuUZNB2N1LHzNT7DoA==}
    engines: {node: ^20.19.0 || >=22.12.0}
    cpu: [x64]
    os: [linux]
    libc: [glibc]

  '@oxfmt/binding-linux-x64-musl@0.52.0':
    resolution: {integrity: sha512-mAV2Hjn0SatJ+KoAzKUC3eJhdJ8wv+3m1KyuS0dTsbF0c5weq+QrCt/DRZZM+uj/XiKzCDEUKYsBF30e2qkcyw==}
    engines: {node: ^20.19.0 || >=22.12.0}
    cpu: [x64]
    os: [linux]
    libc: [musl]

  '@oxfmt/binding-openharmony-arm64@0.52.0':
    resolution: {integrity: sha512-vd4npaUIwChxp7XzkqmepBWTT9YMcSe/NBApVGPC30/lLyOVaV3dvma1SKo03t8O73BPRAG7EyJzGlN5cJM5hQ==}
    engines: {node: ^20.19.0 || >=22.12.0}
    cpu: [arm64]
    os: [openharmony]

  '@oxfmt/binding-win32-arm64-msvc@0.52.0':
    resolution: {integrity: sha512-k2sz6gWQdMfh5HPpIS+Bw/0UEV/kaK2xuqJRrWL233sEHx9WLlsmvlPFM4HUNThkYbSN0U0vPW7LVKZWDS8hPQ==}
    engines: {node: ^20.19.0 || >=22.12.0}
    cpu: [arm64]
    os: [win32]

  '@oxfmt/binding-win32-ia32-msvc@0.52.0':
    resolution: {integrity: sha512-rhke69GTcArodLHpjMTfNnvjTEBryDeZcUCKK/VjXDMtfTULl6QRh0ymX5/hbCUv2WjYm9h/QbW++q2vE15gWQ==}
    engines: {node: ^20.19.0 || >=22.12.0}
    cpu: [ia32]
    os: [win32]

  '@oxfmt/binding-win32-x64-msvc@0.52.0':
    resolution: {integrity: sha512-q5xL7oeXkZdEtNZWBdvehJcmt+GRu9l2bK40yJs1jJXlqq+r0Hygb1rTjq+FM2o/2xyt4cufH6KRplHp3Jjsvw==}
    engines: {node: ^20.19.0 || >=22.12.0}
    cpu: [x64]
    os: [win32]

  '@oxlint-tsgolint/darwin-arm64@0.23.0':
    resolution: {integrity: sha512-gOs9PVr2wEg4ox9z0aJo+RKhhImW86YL5N6yav8BK/rgPsIrwN/igSZ+pbRr723NFvUNKde9fgMhRA6JrXAOZw==}
    cpu: [arm64]
    os: [darwin]

  '@oxlint-tsgolint/darwin-x64@0.23.0':
    resolution: {integrity: sha512-kjJ8B+7n4tB9VJdxS5A9GdJt6/bYpzbu4lXp2uO1S3sRmCB5gDEABlGoiePNApRWaW+xqL4b4xgiE727jSLhuA==}
    cpu: [x64]
    os: [darwin]

  '@oxlint-tsgolint/linux-arm64@0.23.0':
    resolution: {integrity: sha512-6dCZuKNu135seMXilkRk9SpCx6i1XgmiipYGalLij5WVRX6ZYS8c4xI7preN/zv9fCXhsQclTIMDu2Y/cytTjw==}
    cpu: [arm64]
    os: [linux]

  '@oxlint-tsgolint/linux-x64@0.23.0':
    resolution: {integrity: sha512-3bdilnyA7kmSTjK27rvjIjSxL5SIg3wt7vwNiRkouWB83ytssyKnuGvxSYJxgMEmFpSutzaBzcCUM2jDtPGcgA==}
    cpu: [x64]
    os: [linux]

  '@oxlint-tsgolint/win32-arm64@0.23.0':
    resolution: {integrity: sha512-j+OEp44SVYiQ+ZD+uttsX7u6L9SvmbbQ77SO1pSFCcJlsVMeCk8qZsjhKfGKuT/jIA+ipOJMVs/+pqUfObBWNw==}
    cpu: [arm64]
    os: [win32]

  '@oxlint-tsgolint/win32-x64@0.23.0':
    resolution: {integrity: sha512-5MyjFuqf+g8OUPJBSGWHJtmoWnzFJYyOg4To9WMQshZYEWig/vtu7JtJ03VWnzHv9LJkAUeApY0gVCOywFR/iQ==}
    cpu: [x64]
    os: [win32]

  '@oxlint/binding-android-arm-eabi@1.77.0':
    resolution: {integrity: sha512-E06sKWS6PiI6HRxS1wyQg22HvApt01hI7fV+T3wUk3OSbaaP4a3hYGY/MIQDmASqCiRjBdpRQYkgMkqH82cWmQ==}
    engines: {node: ^20.19.0 || >=22.12.0}
    cpu: [arm]
    os: [android]

  '@oxlint/binding-android-arm64@1.77.0':
    resolution: {integrity: sha512-NvsKz0KZxTp9cYWPLf+FXaSZwB3oO3peAjtukpOMBgse2vhQSoIIVqeO1yR0lEo/UcdZIDL18uq+kL0LzQ0ytA==}
    engines: {node: ^20.19.0 || >=22.12.0}
    cpu: [arm64]
    os: [android]

  '@oxlint/binding-darwin-arm64@1.77.0':
    resolution: {integrity: sha512-bgjTn6nW4bQCFBvSvuHCpDD+sONvmpo4lGI4PxzMt1quBA+xYxhczk6RiCn3GZ9gY8uhaBbwhj9MdKGfu6T9DA==}
    engines: {node: ^20.19.0 || >=22.12.0}
    cpu: [arm64]
    os: [darwin]

  '@oxlint/binding-darwin-x64@1.77.0':
    resolution: {integrity: sha512-aotaIttH1R6j1Rwhx0M0htgeZyGtVQqYNTVEYMN/UcgHPquGA6kmk9OyuDc3a2GKUQBC+3C3GVQCcrRPMYqAFA==}
    engines: {node: ^20.19.0 || >=22.12.0}
    cpu: [x64]
    os: [darwin]

  '@oxlint/binding-freebsd-x64@1.77.0':
    resolution: {integrity: sha512-nNx/wta7ksRAdYvq+l4AWjXkLxEXHALhENxjj2cYbQAIR4ybaA5L+hCbE63HOmft5czQ6ks+hb8vmEAnn7YGPg==}
    engines: {node: ^20.19.0 || >=22.12.0}
    cpu: [x64]
    os: [freebsd]

  '@oxlint/binding-linux-arm-gnueabihf@1.77.0':
    resolution: {integrity: sha512-tMLLjM7xXtzXisVCzkOTXNCy9bZVId2wteNwjohlFDR/jY6WagpEDA1c1wu4xRc20Hojaxj+V6DSR7gbKxijWA==}
    engines: {node: ^20.19.0 || >=22.12.0}
    cpu: [arm]
    os: [linux]

  '@oxlint/binding-linux-arm-musleabihf@1.77.0':
    resolution: {integrity: sha512-MiAFDFaqR0tmHTAyo0YDcZ5hyLREdYw/RQhc2R3cbT+8O3tB+zqPM2th9TTQ+Uo3jn/embS+DO+HyX9ztCPkOQ==}
    engines: {node: ^20.19.0 || >=22.12.0}
    cpu: [arm]
    os: [linux]

  '@oxlint/binding-linux-arm64-gnu@1.77.0':
    resolution: {integrity: sha512-/xqQ3B16i1T4cyt/9Mn+4CpzhUXoBXp7kVpIwzOXNFLj5JmK1bIjsbSnX296Gg8A/o7oDtKWikFgBx0SLwztkw==}
    engines: {node: ^20.19.0 || >=22.12.0}
    cpu: [arm64]
    os: [linux]
    libc: [glibc]

  '@oxlint/binding-linux-arm64-musl@1.77.0':
    resolution: {integrity: sha512-LSbwuRKiNCenPDcbARqAZ5RfBy7gmj7vOvfJRLeCDU3gFtSxWbhv/+VTlaUqzUhNj1gFLHB8h7ALnxa/Az6z6g==}
    engines: {node: ^20.19.0 || >=22.12.0}
    cpu: [arm64]
    os: [linux]
    libc: [musl]

  '@oxlint/binding-linux-ppc64-gnu@1.77.0':
    resolution: {integrity: sha512-QWdcH31mXEUe5Nq1s0CfCpceaKjIo9uZtwDjAuL681g1axf+5x8xrg/eXWaw//4NCxYZ4V4e5Hu5tvdR+pTBlg==}
    engines: {node: ^20.19.0 || >=22.12.0}
    cpu: [ppc64]
    os: [linux]
    libc: [glibc]

  '@oxlint/binding-linux-riscv64-gnu@1.77.0':
    resolution: {integrity: sha512-GnOfYgJxbcElOiPZaDFDl406ONddwvOWk2jvAAAEjwAl4GofNoHF+/HHUIBYa6bFCArlcGPi0XjC4cU1pkgF/Q==}
    engines: {node: ^20.19.0 || >=22.12.0}
    cpu: [riscv64]
    os: [linux]
    libc: [glibc]

  '@oxlint/binding-linux-riscv64-musl@1.77.0':
    resolution: {integrity: sha512-AyEMTUCf0xY+hHF+IxqXFQIX0yQOIR8ykpY0lJNOw9xYqOzUX8dyZfRvlG0RfXwuQn2eonf/8NrMmDSZJjdqsA==}
    engines: {node: ^20.19.0 || >=22.12.0}
    cpu: [riscv64]
    os: [linux]
    libc: [musl]

  '@oxlint/binding-linux-s390x-gnu@1.77.0':
    resolution: {integrity: sha512-sPLzEcNvxd/oyVQ5oZo92CiHkFkpBeRop13E/P3TPY+hZfXHKCOWKI70TE2RYwMKFJDc20EMjH16L7NZICtKTw==}
    engines: {node: ^20.19.0 || >=22.12.0}
    cpu: [s390x]
    os: [linux]
    libc: [glibc]

  '@oxlint/binding-linux-x64-gnu@1.77.0':
    resolution: {integrity: sha512-1Oh2ssH2L7lwyvkdSqaMUfsGfwU2Wfvew+obBUYjRVqhpBcUpwnsPSEr1IzVi9XqkuY10geiLsNKecqaZC34Dw==}
    engines: {node: ^20.19.0 || >=22.12.0}
    cpu: [x64]
    os: [linux]
    libc: [glibc]

  '@oxlint/binding-linux-x64-musl@1.77.0':
    resolution: {integrity: sha512-0j/2wRgNGO+Qj/M1uu/p57h/hFTTWWcfie0ufkbabeus2s5+/QqkCflnMOwLLN5m2GsNeWp4xdl4cPa4n7QCOQ==}
    engines: {node: ^20.19.0 || >=22.12.0}
    cpu: [x64]
    os: [linux]
    libc: [musl]

  '@oxlint/binding-openharmony-arm64@1.77.0':
    resolution: {integrity: sha512-BJ/j54qS0usEnyDkLYURMj2iiD9h5Cyy+ppzeMSXBGRXaGRNWnj1Mw14NqWMR5E/PzdgB30OOCCzLzbRoduafw==}
    engines: {node: ^20.19.0 || >=22.12.0}
    cpu: [arm64]
    os: [openharmony]

  '@oxlint/binding-win32-arm64-msvc@1.77.0':
    resolution: {integrity: sha512-Yh8w+g2Lpx7StrvtYkoz9JJvXjB9wxgFChFNb85nrXm/wj/XTwGWS1hve9+900HL7llrntYB3YP+y32E3tRqzA==}
    engines: {node: ^20.19.0 || >=22.12.0}
    cpu: [arm64]
    os: [win32]

  '@oxlint/binding-win32-ia32-msvc@1.77.0':
    resolution: {integrity: sha512-zja5b7+6a7UsRFgAQSrnax5vrzliEyNPLCjfXONu/vTWswaIVZGFajJZptaeRvPE4LghtFdAzVFlexTm7MVTGA==}
    engines: {node: ^20.19.0 || >=22.12.0}
    cpu: [ia32]
    os: [win32]

  '@oxlint/binding-win32-x64-msvc@1.77.0':
    resolution: {integrity: sha512-+teyvPDZ2RjUvo+SuCqS/UhaJl1QtdW5fWT5NJTV61V5MIuIS90Db9LixmtEGvXixyttiK62P96MSu3UlpviBw==}
    engines: {node: ^20.19.0 || >=22.12.0}
    cpu: [x64]
    os: [win32]

  '@pocketsign/klon-sdk@1.0.0':
    resolution: {integrity: sha512-wi+2SsaBL8KhzzaO9FP87YhWjt9jVxAo1gY3ecoMMgJRP5+uYXmny1ncNhX+pm3OunRVesPtSGJX6U/q7J1CZA==, tarball: https://repo.platform.p8n.app//@pocketsign/klon-sdk/-/@pocketsign/klon-sdk-1.0.0.tgz}
    peerDependencies:
      oauth4webapi: ^3.0.0

  '@types/node@25.9.5':
    resolution: {integrity: sha512-OScDchr2fwuUmWdf4kZ9h7PcJiYDVInhJizG/biAq3cAvqwYktuy/TYGGdZNMtNTFUP7rnb0NU4TUdm82kt4Rg==}

  '@typescript/native-preview-darwin-arm64@7.0.0-dev.20260527.2':
    resolution: {integrity: sha512-3LqSu4DlxkEfeC/Z/29QMCJn5jjkDtXI7LYuxfmjdmAatS6umDKqm8J17fnP/7fyrZUMBTIYRwSDpChGV3G1ew==}
    engines: {node: '>=16.20.0'}
    cpu: [arm64]
    os: [darwin]

  '@typescript/native-preview-darwin-x64@7.0.0-dev.20260527.2':
    resolution: {integrity: sha512-H4+sxE9qaBbLF83wMdWE0FsgfK0Pom+/O+/oxqyGzhVkDJlNt3vfpgQZMit48/Gm44AacGfBggJ9Dhbi3aeSFw==}
    engines: {node: '>=16.20.0'}
    cpu: [x64]
    os: [darwin]

  '@typescript/native-preview-linux-arm64@7.0.0-dev.20260527.2':
    resolution: {integrity: sha512-BGUDMjC2Z3TTdZRkGGwhBLelkP5UYgO2rbep8aF4dS3fu7T5lFPPrnfS6EgqJgie+cF5Fsev7xEq8wWyBDM+lg==}
    engines: {node: '>=16.20.0'}
    cpu: [arm64]
    os: [linux]

  '@typescript/native-preview-linux-arm@7.0.0-dev.20260527.2':
    resolution: {integrity: sha512-6I9Cv9ozwfS9zB9vRQDPIYseLX3artEO9jl3yVgLj4ishwlSF4cWAbIsjl5IztPaEgHv8coej/6tX1D0uaBzXg==}
    engines: {node: '>=16.20.0'}
    cpu: [arm]
    os: [linux]

  '@typescript/native-preview-linux-x64@7.0.0-dev.20260527.2':
    resolution: {integrity: sha512-vpazOu+ozlxBo8U57YJMzsOPuxAV8H7fu36KJ8ea8At/D8pdGmOAy5TuB+9OBQV9JDe0OXJMy2kmbhOpmkTAmA==}
    engines: {node: '>=16.20.0'}
    cpu: [x64]
    os: [linux]

  '@typescript/native-preview-win32-arm64@7.0.0-dev.20260527.2':
    resolution: {integrity: sha512-DBFnFE3V6AITkPO1K1VxXf3yEZKjU2FwtXlNwRqhzDu0rrL2SsJHOSrBDX+OacTxQFzZMxFcpiuhV8jHZALPEg==}
    engines: {node: '>=16.20.0'}
    cpu: [arm64]
    os: [win32]

  '@typescript/native-preview-win32-x64@7.0.0-dev.20260527.2':
    resolution: {integrity: sha512-1tBlErMvQgcMqqYwsx4tytupcjCJcOUXD3vBn1Wb/kAvus1FzWQAFE0fcKBvLfcqLQfTiiEwKKEtbLjGmakqqg==}
    engines: {node: '>=16.20.0'}
    cpu: [x64]
    os: [win32]

  '@typescript/native-preview@7.0.0-dev.20260527.2':
    resolution: {integrity: sha512-piqkDwikVeizCFqA1lcwI5F4wOAtBdxuliWe77ApBNRyBPPvfCJB+u/HYi9/8t5nd0sWvFs6/qt/AzJ1CCoykQ==}
    engines: {node: '>=16.20.0'}
    hasBin: true

  esbuild@0.28.1:
    resolution: {integrity: sha512-HrJrvZv5ayxBzPfwphOoNzkzOIIlifzk0KJrGK2c8R4+LKpMtpYLQeUdjnwjWv/LZlkH2laZk+4w78pi99D4Vw==}
    engines: {node: '>=18'}
    hasBin: true

  fsevents@2.3.3:
    resolution: {integrity: sha512-5xoDfX+fL7faATnagmWPpbFtwh/R77WmMMqqHGS65C3vvB0YHrgF+B1YmZ3441tMj5n63k0212XNoJwzlhffQw==}
    engines: {node: ^8.16.0 || ^10.6.0 || >=11.0.0}
    os: [darwin]

  hono@4.13.0:
    resolution: {integrity: sha512-jhunvfHWxd7J5EFfSgH4xsYJzSe/lfqbUCxiyyeaQasUsXeEHXtzVid+7EOGByc5JnFa23SSFL3Y2RV/z1T+eQ==}
    engines: {node: '>=16.9.0'}

  oauth4webapi@3.8.6:
    resolution: {integrity: sha512-iwemM91xz8nryHti2yTmg5fhyEMVOkOXwHNqbvcATjyajb5oQxCQzrNOA6uElRHuMhQQTKUyFKV9y/CNyg25BQ==}

  oxfmt@0.52.0:
    resolution: {integrity: sha512-nJlYM35F64zTDMecCNhoHNkf+D/eHv7xcjj9XDSj+bFAVtN93m7v8DQMdHd6nDG6Akf/kEYYHmDUBs2Dz27Sug==}
    engines: {node: ^20.19.0 || >=22.12.0}
    hasBin: true
    peerDependencies:
      svelte: ^5.0.0
      vite-plus: '*'
    peerDependenciesMeta:
      svelte:
        optional: true
      vite-plus:
        optional: true

  oxlint-tsgolint@0.23.0:
    resolution: {integrity: sha512-3mBv3CoPbh8dFbzfDGIWa2ytZjn2v+3EX4aKRXjIhsoGFzG8GCjfRirz3rwZf1wYbZzsNLTSgpw8VjQuWdp/jA==}
    hasBin: true

  oxlint@1.77.0:
    resolution: {integrity: sha512-qnGh8XJHaQ0dprrDXNQZgS0FgjI6v+V3+X8DwmaV++5Aamy6jGKfDdQ1TUvhUxtmKFAbEf4/WeO5QZX+5WSngg==}
    engines: {node: ^20.19.0 || >=22.12.0}
    hasBin: true
    peerDependencies:
      oxlint-tsgolint: '>=7.0.2001'
      vite-plus: '*'
    peerDependenciesMeta:
      oxlint-tsgolint:
        optional: true
      vite-plus:
        optional: true

  tinypool@2.1.0:
    resolution: {integrity: sha512-Pugqs6M0m7Lv1I7FtxN4aoyToKg1C4tu+/381vH35y8oENM/Ai7f7C4StcoK4/+BSw9ebcS8jRiVrORFKCALLw==}
    engines: {node: ^20.0.0 || >=22.0.0}

  tsx@4.23.7:
    resolution: {integrity: sha512-3f/u/+UDCNQ7iwUZW9FCMnNGIHzElGJYh0S/yy8IvWSsn5O7fEO/897FaG7FA2W8yryiRyuwXZ1PYLAKYaqSuQ==}
    engines: {node: '>=18.0.0'}
    hasBin: true

  undici-types@7.24.6:
    resolution: {integrity: sha512-WRNW+sJgj5OBN4/0JpHFqtqzhpbnV0GuB+OozA9gCL7a993SmU+1JBZCzLNxYsbMfIeDL+lTsphD5jN5N+n0zg==}

snapshots:

  '@buf/bufbuild_protovalidate.bufbuild_es@2.12.1-20260415201107-50325440f8f2.1(@bufbuild/protobuf@2.13.0)':
    dependencies:
      '@bufbuild/protobuf': 2.13.0

  '@buf/googleapis_googleapis.bufbuild_es@2.12.1-20260414192239-c17df5b2beca.1(@bufbuild/protobuf@2.13.0)':
    dependencies:
      '@bufbuild/protobuf': 2.13.0

  '@buf/pocketsign_apis.bufbuild_es@2.12.1-20260702064312-a4e56ca5773a.1(@bufbuild/protobuf@2.13.0)':
    dependencies:
      '@buf/bufbuild_protovalidate.bufbuild_es': 2.12.1-20260415201107-50325440f8f2.1(@bufbuild/protobuf@2.13.0)
      '@buf/googleapis_googleapis.bufbuild_es': 2.12.1-20260414192239-c17df5b2beca.1(@bufbuild/protobuf@2.13.0)
      '@bufbuild/protobuf': 2.13.0

  '@bufbuild/protobuf@2.13.0': {}

  '@connectrpc/connect-node@2.1.2(@bufbuild/protobuf@2.13.0)(@connectrpc/connect@2.1.2(@bufbuild/protobuf@2.13.0))':
    dependencies:
      '@bufbuild/protobuf': 2.13.0
      '@connectrpc/connect': 2.1.2(@bufbuild/protobuf@2.13.0)

  '@connectrpc/connect@2.1.2(@bufbuild/protobuf@2.13.0)':
    dependencies:
      '@bufbuild/protobuf': 2.13.0

  '@esbuild/aix-ppc64@0.28.1':
    optional: true

  '@esbuild/android-arm64@0.28.1':
    optional: true

  '@esbuild/android-arm@0.28.1':
    optional: true

  '@esbuild/android-x64@0.28.1':
    optional: true

  '@esbuild/darwin-arm64@0.28.1':
    optional: true

  '@esbuild/darwin-x64@0.28.1':
    optional: true

  '@esbuild/freebsd-arm64@0.28.1':
    optional: true

  '@esbuild/freebsd-x64@0.28.1':
    optional: true

  '@esbuild/linux-arm64@0.28.1':
    optional: true

  '@esbuild/linux-arm@0.28.1':
    optional: true

  '@esbuild/linux-ia32@0.28.1':
    optional: true

  '@esbuild/linux-loong64@0.28.1':
    optional: true

  '@esbuild/linux-mips64el@0.28.1':
    optional: true

  '@esbuild/linux-ppc64@0.28.1':
    optional: true

  '@esbuild/linux-riscv64@0.28.1':
    optional: true

  '@esbuild/linux-s390x@0.28.1':
    optional: true

  '@esbuild/linux-x64@0.28.1':
    optional: true

  '@esbuild/netbsd-arm64@0.28.1':
    optional: true

  '@esbuild/netbsd-x64@0.28.1':
    optional: true

  '@esbuild/openbsd-arm64@0.28.1':
    optional: true

  '@esbuild/openbsd-x64@0.28.1':
    optional: true

  '@esbuild/openharmony-arm64@0.28.1':
    optional: true

  '@esbuild/sunos-x64@0.28.1':
    optional: true

  '@esbuild/win32-arm64@0.28.1':
    optional: true

  '@esbuild/win32-ia32@0.28.1':
    optional: true

  '@esbuild/win32-x64@0.28.1':
    optional: true

  '@hono/node-server@2.1.0(hono@4.13.0)':
    dependencies:
      hono: 4.13.0

  '@oxfmt/binding-android-arm-eabi@0.52.0':
    optional: true

  '@oxfmt/binding-android-arm64@0.52.0':
    optional: true

  '@oxfmt/binding-darwin-arm64@0.52.0':
    optional: true

  '@oxfmt/binding-darwin-x64@0.52.0':
    optional: true

  '@oxfmt/binding-freebsd-x64@0.52.0':
    optional: true

  '@oxfmt/binding-linux-arm-gnueabihf@0.52.0':
    optional: true

  '@oxfmt/binding-linux-arm-musleabihf@0.52.0':
    optional: true

  '@oxfmt/binding-linux-arm64-gnu@0.52.0':
    optional: true

  '@oxfmt/binding-linux-arm64-musl@0.52.0':
    optional: true

  '@oxfmt/binding-linux-ppc64-gnu@0.52.0':
    optional: true

  '@oxfmt/binding-linux-riscv64-gnu@0.52.0':
    optional: true

  '@oxfmt/binding-linux-riscv64-musl@0.52.0':
    optional: true

  '@oxfmt/binding-linux-s390x-gnu@0.52.0':
    optional: true

  '@oxfmt/binding-linux-x64-gnu@0.52.0':
    optional: true

  '@oxfmt/binding-linux-x64-musl@0.52.0':
    optional: true

  '@oxfmt/binding-openharmony-arm64@0.52.0':
    optional: true

  '@oxfmt/binding-win32-arm64-msvc@0.52.0':
    optional: true

  '@oxfmt/binding-win32-ia32-msvc@0.52.0':
    optional: true

  '@oxfmt/binding-win32-x64-msvc@0.52.0':
    optional: true

  '@oxlint-tsgolint/darwin-arm64@0.23.0':
    optional: true

  '@oxlint-tsgolint/darwin-x64@0.23.0':
    optional: true

  '@oxlint-tsgolint/linux-arm64@0.23.0':
    optional: true

  '@oxlint-tsgolint/linux-x64@0.23.0':
    optional: true

  '@oxlint-tsgolint/win32-arm64@0.23.0':
    optional: true

  '@oxlint-tsgolint/win32-x64@0.23.0':
    optional: true

  '@oxlint/binding-android-arm-eabi@1.77.0':
    optional: true

  '@oxlint/binding-android-arm64@1.77.0':
    optional: true

  '@oxlint/binding-darwin-arm64@1.77.0':
    optional: true

  '@oxlint/binding-darwin-x64@1.77.0':
    optional: true

  '@oxlint/binding-freebsd-x64@1.77.0':
    optional: true

  '@oxlint/binding-linux-arm-gnueabihf@1.77.0':
    optional: true

  '@oxlint/binding-linux-arm-musleabihf@1.77.0':
    optional: true

  '@oxlint/binding-linux-arm64-gnu@1.77.0':
    optional: true

  '@oxlint/binding-linux-arm64-musl@1.77.0':
    optional: true

  '@oxlint/binding-linux-ppc64-gnu@1.77.0':
    optional: true

  '@oxlint/binding-linux-riscv64-gnu@1.77.0':
    optional: true

  '@oxlint/binding-linux-riscv64-musl@1.77.0':
    optional: true

  '@oxlint/binding-linux-s390x-gnu@1.77.0':
    optional: true

  '@oxlint/binding-linux-x64-gnu@1.77.0':
    optional: true

  '@oxlint/binding-linux-x64-musl@1.77.0':
    optional: true

  '@oxlint/binding-openharmony-arm64@1.77.0':
    optional: true

  '@oxlint/binding-win32-arm64-msvc@1.77.0':
    optional: true

  '@oxlint/binding-win32-ia32-msvc@1.77.0':
    optional: true

  '@oxlint/binding-win32-x64-msvc@1.77.0':
    optional: true

  '@pocketsign/klon-sdk@1.0.0(oauth4webapi@3.8.6)':
    dependencies:
      oauth4webapi: 3.8.6

  '@types/node@25.9.5':
    dependencies:
      undici-types: 7.24.6

  '@typescript/native-preview-darwin-arm64@7.0.0-dev.20260527.2':
    optional: true

  '@typescript/native-preview-darwin-x64@7.0.0-dev.20260527.2':
    optional: true

  '@typescript/native-preview-linux-arm64@7.0.0-dev.20260527.2':
    optional: true

  '@typescript/native-preview-linux-arm@7.0.0-dev.20260527.2':
    optional: true

  '@typescript/native-preview-linux-x64@7.0.0-dev.20260527.2':
    optional: true

  '@typescript/native-preview-win32-arm64@7.0.0-dev.20260527.2':
    optional: true

  '@typescript/native-preview-win32-x64@7.0.0-dev.20260527.2':
    optional: true

  '@typescript/native-preview@7.0.0-dev.20260527.2':
    optionalDependencies:
      '@typescript/native-preview-darwin-arm64': 7.0.0-dev.20260527.2
      '@typescript/native-preview-darwin-x64': 7.0.0-dev.20260527.2
      '@typescript/native-preview-linux-arm': 7.0.0-dev.20260527.2
      '@typescript/native-preview-linux-arm64': 7.0.0-dev.20260527.2
      '@typescript/native-preview-linux-x64': 7.0.0-dev.20260527.2
      '@typescript/native-preview-win32-arm64': 7.0.0-dev.20260527.2
      '@typescript/native-preview-win32-x64': 7.0.0-dev.20260527.2

  esbuild@0.28.1:
    optionalDependencies:
      '@esbuild/aix-ppc64': 0.28.1
      '@esbuild/android-arm': 0.28.1
      '@esbuild/android-arm64': 0.28.1
      '@esbuild/android-x64': 0.28.1
      '@esbuild/darwin-arm64': 0.28.1
      '@esbuild/darwin-x64': 0.28.1
      '@esbuild/freebsd-arm64': 0.28.1
      '@esbuild/freebsd-x64': 0.28.1
      '@esbuild/linux-arm': 0.28.1
      '@esbuild/linux-arm64': 0.28.1
      '@esbuild/linux-ia32': 0.28.1
      '@esbuild/linux-loong64': 0.28.1
      '@esbuild/linux-mips64el': 0.28.1
      '@esbuild/linux-ppc64': 0.28.1
      '@esbuild/linux-riscv64': 0.28.1
      '@esbuild/linux-s390x': 0.28.1
      '@esbuild/linux-x64': 0.28.1
      '@esbuild/netbsd-arm64': 0.28.1
      '@esbuild/netbsd-x64': 0.28.1
      '@esbuild/openbsd-arm64': 0.28.1
      '@esbuild/openbsd-x64': 0.28.1
      '@esbuild/openharmony-arm64': 0.28.1
      '@esbuild/sunos-x64': 0.28.1
      '@esbuild/win32-arm64': 0.28.1
      '@esbuild/win32-ia32': 0.28.1
      '@esbuild/win32-x64': 0.28.1

  fsevents@2.3.3:
    optional: true

  hono@4.13.0: {}

  oauth4webapi@3.8.6: {}

  oxfmt@0.52.0:
    dependencies:
      tinypool: 2.1.0
    optionalDependencies:
      '@oxfmt/binding-android-arm-eabi': 0.52.0
      '@oxfmt/binding-android-arm64': 0.52.0
      '@oxfmt/binding-darwin-arm64': 0.52.0
      '@oxfmt/binding-darwin-x64': 0.52.0
      '@oxfmt/binding-freebsd-x64': 0.52.0
      '@oxfmt/binding-linux-arm-gnueabihf': 0.52.0
      '@oxfmt/binding-linux-arm-musleabihf': 0.52.0
      '@oxfmt/binding-linux-arm64-gnu': 0.52.0
      '@oxfmt/binding-linux-arm64-musl': 0.52.0
      '@oxfmt/binding-linux-ppc64-gnu': 0.52.0
      '@oxfmt/binding-linux-riscv64-gnu': 0.52.0
      '@oxfmt/binding-linux-riscv64-musl': 0.52.0
      '@oxfmt/binding-linux-s390x-gnu': 0.52.0
      '@oxfmt/binding-linux-x64-gnu': 0.52.0
      '@oxfmt/binding-linux-x64-musl': 0.52.0
      '@oxfmt/binding-openharmony-arm64': 0.52.0
      '@oxfmt/binding-win32-arm64-msvc': 0.52.0
      '@oxfmt/binding-win32-ia32-msvc': 0.52.0
      '@oxfmt/binding-win32-x64-msvc': 0.52.0

  oxlint-tsgolint@0.23.0:
    optionalDependencies:
      '@oxlint-tsgolint/darwin-arm64': 0.23.0
      '@oxlint-tsgolint/darwin-x64': 0.23.0
      '@oxlint-tsgolint/linux-arm64': 0.23.0
      '@oxlint-tsgolint/linux-x64': 0.23.0
      '@oxlint-tsgolint/win32-arm64': 0.23.0
      '@oxlint-tsgolint/win32-x64': 0.23.0

  oxlint@1.77.0(oxlint-tsgolint@0.23.0):
    optionalDependencies:
      '@oxlint/binding-android-arm-eabi': 1.77.0
      '@oxlint/binding-android-arm64': 1.77.0
      '@oxlint/binding-darwin-arm64': 1.77.0
      '@oxlint/binding-darwin-x64': 1.77.0
      '@oxlint/binding-freebsd-x64': 1.77.0
      '@oxlint/binding-linux-arm-gnueabihf': 1.77.0
      '@oxlint/binding-linux-arm-musleabihf': 1.77.0
      '@oxlint/binding-linux-arm64-gnu': 1.77.0
      '@oxlint/binding-linux-arm64-musl': 1.77.0
      '@oxlint/binding-linux-ppc64-gnu': 1.77.0
      '@oxlint/binding-linux-riscv64-gnu': 1.77.0
      '@oxlint/binding-linux-riscv64-musl': 1.77.0
      '@oxlint/binding-linux-s390x-gnu': 1.77.0
      '@oxlint/binding-linux-x64-gnu': 1.77.0
      '@oxlint/binding-linux-x64-musl': 1.77.0
      '@oxlint/binding-openharmony-arm64': 1.77.0
      '@oxlint/binding-win32-arm64-msvc': 1.77.0
      '@oxlint/binding-win32-ia32-msvc': 1.77.0
      '@oxlint/binding-win32-x64-msvc': 1.77.0
      oxlint-tsgolint: 0.23.0

  tinypool@2.1.0: {}

  tsx@4.23.7:
    dependencies:
      esbuild: 0.28.1
    optionalDependencies:
      fsevents: 2.3.3

  undici-types@7.24.6: {}
