buf.build/gen/go/bufbuild/protovalidate/protocolbuffers/go v1.36.11-20260415201107-50325440f8f2.1 h1:s6hzCXtND/ICdGPTMGk7C+/BFlr2Jg5GyH0NKf4XGXg=
buf.build/gen/go/bufbuild/protovalidate/protocolbuffers/go v1.36.11-20260415201107-50325440f8f2.1/go.mod h1:tvtbpgaVXZX4g6Pn+AnzFycuRK3MOz5HJfEGeEllXYM=
buf.build/gen/go/pocketsign/apis/connectrpc/go v1.20.0-20260702064312-a4e56ca5773a.1 h1:vJTZZX7l03mqQBWMH4smdfnwL3rd4NZjd/WjuBbh4Wo=
buf.build/gen/go/pocketsign/apis/connectrpc/go v1.20.0-20260702064312-a4e56ca5773a.1/go.mod h1:zTJrZhv4gjb1k8tXLyUQrB4hhXG6WSYD8BeXGCmX3uA=
buf.build/gen/go/pocketsign/apis/protocolbuffers/go v1.36.11-20260702064312-a4e56ca5773a.1 h1:ulE89yniHZZj6vRXb5bcpo5qcPEIAEEHmkJY5UlH1Bo=
buf.build/gen/go/pocketsign/apis/protocolbuffers/go v1.36.11-20260702064312-a4e56ca5773a.1/go.mod h1:DbTnwDC0XbNmwL8n/TmndW3Ng4j3tnLMmswhp6d91RY=
connectrpc.com/connect v1.20.0 h1:6TNDAB+WeNd2uolWNlYczB5E0KNNaVMNUEx8JEUsPmQ=
connectrpc.com/connect v1.20.0/go.mod h1:A2ygJrukXwWy32vkCAAHNVguZrqZ+jeZ9rGRnGR4dN4=
github.com/coreos/go-oidc/v3 v3.17.0 h1:hWBGaQfbi0iVviX4ibC7bk8OKT5qNr4klBaCHVNvehc=
github.com/coreos/go-oidc/v3 v3.17.0/go.mod h1:wqPbKFrVnE90vty060SB40FCJ8fTHTxSwyXJqZH+sI8=
github.com/davecgh/go-spew v1.1.1 h1:vj9j/u1bqnvCEfJOwUhtlOARqs3+rkHYY13jYWTU97c=
github.com/davecgh/go-spew v1.1.1/go.mod h1:J7Y8YcW2NihsgmVo/mv3lAwl/skON4iLHjSsI+c5H38=
github.com/go-jose/go-jose/v4 v4.1.3 h1:CVLmWDhDVRa6Mi/IgCgaopNosCaHz7zrMeF9MlZRkrs=
github.com/go-jose/go-jose/v4 v4.1.3/go.mod h1:x4oUasVrzR7071A4TnHLGSPpNOm2a21K9Kf04k1rs08=
github.com/google/go-cmp v0.7.0 h1:wk8382ETsv4JYUZwIsn6YpYiWiBsYLSJiTsyBybVuN8=
github.com/google/go-cmp v0.7.0/go.mod h1:pXiqmnSA92OHEEa9HXL2W4E7lf9JzCmGVUdgjX3N/iU=
github.com/pmezard/go-difflib v1.0.0 h1:4DBwDE0NGyQoBHbLQYPwSUPoCMWR5BEzIk/f1lZbAQM=
github.com/pmezard/go-difflib v1.0.0/go.mod h1:iKH77koFhYxTK1pcRnkKkqfTogsbg7gZNVY4sRDYZ/4=
github.com/pocketsign/klon-sdk-go v0.0.0-20260623090625-cfd8ece158d4 h1:RRU9B5TQkowTYpIvuSMYGrPEBk8/NBJAa4iwkikApM0=
github.com/pocketsign/klon-sdk-go v0.0.0-20260623090625-cfd8ece158d4/go.mod h1:uuy957zP3f6sv3WJNzXvHCL9dPcc6KbAIwXWGtUa86Y=
github.com/stretchr/testify v1.11.1 h1:7s2iGBzp5EwR7/aIZr8ao5+dra3wiQyKjjFuvgVKu7U=
github.com/stretchr/testify v1.11.1/go.mod h1:wZwfW3scLgRK+23gO65QZefKpKQRnfz6sD981Nm4B6U=
golang.org/x/oauth2 v0.36.0 h1:peZ/1z27fi9hUOFCAZaHyrpWG5lwe0RJEEEeH0ThlIs=
golang.org/x/oauth2 v0.36.0/go.mod h1:YDBUJMTkDnJS+A4BP4eZBjCqtokkg1hODuPjwiGPO7Q=
google.golang.org/genproto/googleapis/rpc v0.0.0-20260630182238-925bb5da69e7 h1:eM/YSd5bBFagF51o1E745Ta7RwzpW0h+z+QDNZOgmQ8=
google.golang.org/genproto/googleapis/rpc v0.0.0-20260630182238-925bb5da69e7/go.mod h1:4Hqkh8ycfw05ld/3BWL7rJOSfebL2Q+DVDeRgYgxUU8=
google.golang.org/protobuf v1.36.11 h1:fV6ZwhNocDyBLK0dj+fg8ektcVegBBuEolpbTQyBNVE=
google.golang.org/protobuf v1.36.11/go.mod h1:HTf+CrKn2C3g5S8VImy6tdcUvCska2kB7j23XfzDpco=
gopkg.in/yaml.v3 v3.0.1 h1:fxVm/GzAzEWqLHuvctI91KS9hhNmmWOoWu0XTYJS7CA=
gopkg.in/yaml.v3 v3.0.1/go.mod h1:K4uyk7z7BCEPqu6E+C64Yfv1cQ7kz7rIZviUmN+EgEM=
